
Microsoft Visual Studio Solution File, Format Version 12.00
# Visual Studio Version 16
VisualStudioVersion = 16.0.29403.142
MinimumVisualStudioVersion = 10.0.40219.1
Project("{FAE04EC0-301F-11D3-BF4B-00C04F79EFBC}") = "LoginWebApp", "LoginWebApp\LoginWebApp.csproj", "{B8CB9D76-000C-44CC-942B-B2B229408C67}"
EndProject
Global
	GlobalSection(SolutionConfigurationPlatforms) = preSolution
		Debug|Any CPU = Debug|Any CPU
		Release|Any CPU = Release|Any CPU
	EndGlobalSection
	GlobalSection(ProjectConfigurationPlatforms) = postSolution
		{B8CB9D76-000C-44CC-942B-B2B229408C67}.Debug|Any CPU.ActiveCfg = Debug|Any CPU
		{B8CB9D76-000C-44CC-942B-B2B229408C67}.Debug|Any CPU.Build.0 = Debug|Any CPU
		{B8CB9D76-000C-44CC-942B-B2B229408C67}.Release|Any CPU.ActiveCfg = Release|Any CPU
		{B8CB9D76-000C-44CC-942B-B2B229408C67}.Release|Any CPU.Build.0 = Release|Any CPU
	EndGlobalSection
	GlobalSection(SolutionProperties) = preSolution
		HideSolutionNode = FALSE
	EndGlobalSection
	GlobalSection(ExtensibilityGlobals) = postSolution
		SolutionGuid = {31119055-72F3-4FDC-8AE7-00053ACA1C97}
	EndGlobalSection
EndGlobal
