
Microsoft Visual Studio Solution File, Format Version 12.00
# Visual Studio Version 16
VisualStudioVersion = 16.0.29025.244
MinimumVisualStudioVersion = 10.0.40219.1
Project("{FAE04EC0-301F-11D3-BF4B-00C04F79EFBC}") = "DotNetCore_Efuelling", "DotNetCore_Efuelling\DotNetCore_Efuelling.csproj", "{97B60D79-233E-4F2C-A785-38164AC3DD2E}"
EndProject
Global
	GlobalSection(SolutionConfigurationPlatforms) = preSolution
		Debug|Any CPU = Debug|Any CPU
		Release|Any CPU = Release|Any CPU
	EndGlobalSection
	GlobalSection(ProjectConfigurationPlatforms) = postSolution
		{97B60D79-233E-4F2C-A785-38164AC3DD2E}.Debug|Any CPU.ActiveCfg = Debug|Any CPU
		{97B60D79-233E-4F2C-A785-38164AC3DD2E}.Debug|Any CPU.Build.0 = Debug|Any CPU
		{97B60D79-233E-4F2C-A785-38164AC3DD2E}.Release|Any CPU.ActiveCfg = Release|Any CPU
		{97B60D79-233E-4F2C-A785-38164AC3DD2E}.Release|Any CPU.Build.0 = Release|Any CPU
	EndGlobalSection
	GlobalSection(SolutionProperties) = preSolution
		HideSolutionNode = FALSE
	EndGlobalSection
	GlobalSection(ExtensibilityGlobals) = postSolution
		SolutionGuid = {C0377CA9-E6E1-4678-8A0F-15D684C21CE3}
	EndGlobalSection
EndGlobal
