
Microsoft Visual Studio Solution File, Format Version 12.00
# Visual Studio Version 16
VisualStudioVersion = 16.0.29403.142
MinimumVisualStudioVersion = 10.0.40219.1
Project("{FAE04EC0-301F-11D3-BF4B-00C04F79EFBC}") = "PersonalnterestInfoHub", "PersonalnterestInfoHub\PersonalnterestInfoHub.csproj", "{6309ADA5-2D84-46E4-826E-DDF04A34EBF7}"
EndProject
Global
	GlobalSection(SolutionConfigurationPlatforms) = preSolution
		Debug|Any CPU = Debug|Any CPU
		Release|Any CPU = Release|Any CPU
	EndGlobalSection
	GlobalSection(ProjectConfigurationPlatforms) = postSolution
		{6309ADA5-2D84-46E4-826E-DDF04A34EBF7}.Debug|Any CPU.ActiveCfg = Debug|Any CPU
		{6309ADA5-2D84-46E4-826E-DDF04A34EBF7}.Debug|Any CPU.Build.0 = Debug|Any CPU
		{6309ADA5-2D84-46E4-826E-DDF04A34EBF7}.Release|Any CPU.ActiveCfg = Release|Any CPU
		{6309ADA5-2D84-46E4-826E-DDF04A34EBF7}.Release|Any CPU.Build.0 = Release|Any CPU
	EndGlobalSection
	GlobalSection(SolutionProperties) = preSolution
		HideSolutionNode = FALSE
	EndGlobalSection
	GlobalSection(ExtensibilityGlobals) = postSolution
		SolutionGuid = {013BB816-735A-4CFE-B50E-C473F8256D3D}
	EndGlobalSection
EndGlobal
