
Microsoft Visual Studio Solution File, Format Version 12.00
# Visual Studio Version 16
VisualStudioVersion = 16.0.28803.352
MinimumVisualStudioVersion = 10.0.40219.1
Project("{9A19103F-16F7-4668-BE54-9A1E7A4F7556}") = "TestApplication", "TestApplication\TestApplication.csproj", "{0A4DE4B9-F04B-4014-9A97-48A06A04EFF0}"
EndProject
Project("{00D1A9C2-B5F0-4AF3-8072-F6C62B433612}") = "TestApplicationDB", "TestApplicationDB\TestApplicationDB.sqlproj", "{46AEB020-F2E5-41ED-A2A1-80862DFB71F2}"
EndProject
Project("{FAE04EC0-301F-11D3-BF4B-00C04F79EFBC}") = "TestApplication.DAL", "TestApplication.DAL\TestApplication.DAL.csproj", "{A5C21B1C-EE39-4ACA-AFDD-C96FFD5BA56E}"
EndProject
Global
	GlobalSection(SolutionConfigurationPlatforms) = preSolution
		Debug|Any CPU = Debug|Any CPU
		Release|Any CPU = Release|Any CPU
	EndGlobalSection
	GlobalSection(ProjectConfigurationPlatforms) = postSolution
		{0A4DE4B9-F04B-4014-9A97-48A06A04EFF0}.Debug|Any CPU.ActiveCfg = Debug|Any CPU
		{0A4DE4B9-F04B-4014-9A97-48A06A04EFF0}.Debug|Any CPU.Build.0 = Debug|Any CPU
		{0A4DE4B9-F04B-4014-9A97-48A06A04EFF0}.Release|Any CPU.ActiveCfg = Release|Any CPU
		{0A4DE4B9-F04B-4014-9A97-48A06A04EFF0}.Release|Any CPU.Build.0 = Release|Any CPU
		{46AEB020-F2E5-41ED-A2A1-80862DFB71F2}.Debug|Any CPU.ActiveCfg = Debug|Any CPU
		{46AEB020-F2E5-41ED-A2A1-80862DFB71F2}.Debug|Any CPU.Build.0 = Debug|Any CPU
		{46AEB020-F2E5-41ED-A2A1-80862DFB71F2}.Debug|Any CPU.Deploy.0 = Debug|Any CPU
		{46AEB020-F2E5-41ED-A2A1-80862DFB71F2}.Release|Any CPU.ActiveCfg = Release|Any CPU
		{46AEB020-F2E5-41ED-A2A1-80862DFB71F2}.Release|Any CPU.Build.0 = Release|Any CPU
		{46AEB020-F2E5-41ED-A2A1-80862DFB71F2}.Release|Any CPU.Deploy.0 = Release|Any CPU
		{A5C21B1C-EE39-4ACA-AFDD-C96FFD5BA56E}.Debug|Any CPU.ActiveCfg = Debug|Any CPU
		{A5C21B1C-EE39-4ACA-AFDD-C96FFD5BA56E}.Debug|Any CPU.Build.0 = Debug|Any CPU
		{A5C21B1C-EE39-4ACA-AFDD-C96FFD5BA56E}.Release|Any CPU.ActiveCfg = Release|Any CPU
		{A5C21B1C-EE39-4ACA-AFDD-C96FFD5BA56E}.Release|Any CPU.Build.0 = Release|Any CPU
	EndGlobalSection
	GlobalSection(SolutionProperties) = preSolution
		HideSolutionNode = FALSE
	EndGlobalSection
	GlobalSection(ExtensibilityGlobals) = postSolution
		SolutionGuid = {7B9DB098-C558-45B2-8507-C434759A1B2A}
	EndGlobalSection
EndGlobal
